
Microsoft Visual Studio Solution File, Format Version 12.00
# Visual Studio 15
VisualStudioVersion = 15.0.28010.2046
MinimumVisualStudioVersion = 10.0.40219.1
Project("{FAE04EC0-301F-11D3-BF4B-00C04F79EFBC}") = "HackerRankChallenges1", "HackerRankChallenges1.csproj", "{8504A6E8-5B18-4091-A64D-FC311F8219B7}"
EndProject
Project("{FAE04EC0-301F-11D3-BF4B-00C04F79EFBC}") = "2D_Array_Hourglass_Sums", "..\2D_Array_Hourglass_Sums\2D_Array_Hourglass_Sums.csproj", "{2A934E38-59B2-4BEE-A3F9-73334E90FBB2}"
EndProject
Project("{9A19103F-16F7-4668-BE54-9A1E7A4F7556}") = "2D_Array_Hourglass_Test", "2D_Array_Hourglass_Test\2D_Array_Hourglass_Test.csproj", "{35AB4932-B1DA-48DA-9D22-652FE816A813}"
EndProject
Project("{FAE04EC0-301F-11D3-BF4B-00C04F79EFBC}") = "Minimum_Bribes", "Minimum_Bribes\Minimum_Bribes.csproj", "{F41D62F5-DA7A-4076-9A5D-EF3672EC828A}"
EndProject
Project("{9A19103F-16F7-4668-BE54-9A1E7A4F7556}") = "Minimum_Bribes_Test", "Minimum_Bribes_Test\Minimum_Bribes_Test.csproj", "{47BDC870-3563-4867-8E60-0C70F442A0CE}"
EndProject
Project("{FAE04EC0-301F-11D3-BF4B-00C04F79EFBC}") = "Minimum_Swaps_InsertionSort", "..\Minimum_Swaps_BubbleSort\Minimum_Swaps_InsertionSort.csproj", "{5578F1C8-5AD6-4846-8ABC-8EC152FDA8A0}"
EndProject
Project("{FAE04EC0-301F-11D3-BF4B-00C04F79EFBC}") = "Min_Swps_InsertionSort_Test", "Min_Swps_BubbleSort_Test\Min_Swps_InsertionSort_Test.csproj", "{64202FAA-275E-4502-9E5B-04CA7881C54F}"
EndProject
Project("{FAE04EC0-301F-11D3-BF4B-00C04F79EFBC}") = "ArrayManipulationTest", "ArrayManipulationTest\ArrayManipulationTest.csproj", "{E4CFE769-9714-4BA5-AE72-2387DF5B3D77}"
EndProject
Project("{FAE04EC0-301F-11D3-BF4B-00C04F79EFBC}") = "ArrayManipulation", "ArrayManipulation\ArrayManipulation.csproj", "{F4FEFFCC-324E-478D-A882-FB7532B55A9E}"
EndProject
Project("{FAE04EC0-301F-11D3-BF4B-00C04F79EFBC}") = "HashTable_RansomNote", "HashTable_RansomNote\HashTable_RansomNote.csproj", "{EC670BD5-83CC-44C8-844F-ACC628258209}"
EndProject
Project("{FAE04EC0-301F-11D3-BF4B-00C04F79EFBC}") = "HashTable_RansomNote_Test", "HashTable_RansomNote_Test\HashTable_RansomNote_Test.csproj", "{94650464-9EF2-4FB6-BDF0-70041DE9B369}"
EndProject
Project("{FAE04EC0-301F-11D3-BF4B-00C04F79EFBC}") = "TwoStringsTest", "TwoStringsTest\TwoStringsTest.csproj", "{4855094D-1D46-4BAB-823B-C950E1EA8823}"
EndProject
Project("{FAE04EC0-301F-11D3-BF4B-00C04F79EFBC}") = "TwoStrings", "TwoStrings\TwoStrings.csproj", "{81C7929D-F33D-4B86-9B6C-318AA0E375B7}"
EndProject
Project("{FAE04EC0-301F-11D3-BF4B-00C04F79EFBC}") = "SherlockAndAnagrams", "SherlockAndAnagrams\SherlockAndAnagrams.csproj", "{7B3D2ECF-F76B-49FD-975E-CC855B28D163}"
EndProject
Project("{FAE04EC0-301F-11D3-BF4B-00C04F79EFBC}") = "SherlockAndAnagramsTest", "SherlockAndAnagramsTest\SherlockAndAnagramsTest.csproj", "{598BBF04-D7EA-4A2F-B3E5-11CEAAF43946}"
EndProject
Global
	GlobalSection(SolutionConfigurationPlatforms) = preSolution
		Debug|Any CPU = Debug|Any CPU
		Release|Any CPU = Release|Any CPU
	EndGlobalSection
	GlobalSection(ProjectConfigurationPlatforms) = postSolution
		{8504A6E8-5B18-4091-A64D-FC311F8219B7}.Debug|Any CPU.ActiveCfg = Debug|Any CPU
		{8504A6E8-5B18-4091-A64D-FC311F8219B7}.Debug|Any CPU.Build.0 = Debug|Any CPU
		{8504A6E8-5B18-4091-A64D-FC311F8219B7}.Release|Any CPU.ActiveCfg = Release|Any CPU
		{8504A6E8-5B18-4091-A64D-FC311F8219B7}.Release|Any CPU.Build.0 = Release|Any CPU
		{2A934E38-59B2-4BEE-A3F9-73334E90FBB2}.Debug|Any CPU.ActiveCfg = Debug|Any CPU
		{2A934E38-59B2-4BEE-A3F9-73334E90FBB2}.Debug|Any CPU.Build.0 = Debug|Any CPU
		{2A934E38-59B2-4BEE-A3F9-73334E90FBB2}.Release|Any CPU.ActiveCfg = Release|Any CPU
		{2A934E38-59B2-4BEE-A3F9-73334E90FBB2}.Release|Any CPU.Build.0 = Release|Any CPU
		{35AB4932-B1DA-48DA-9D22-652FE816A813}.Debug|Any CPU.ActiveCfg = Debug|Any CPU
		{35AB4932-B1DA-48DA-9D22-652FE816A813}.Debug|Any CPU.Build.0 = Debug|Any CPU
		{35AB4932-B1DA-48DA-9D22-652FE816A813}.Release|Any CPU.ActiveCfg = Release|Any CPU
		{35AB4932-B1DA-48DA-9D22-652FE816A813}.Release|Any CPU.Build.0 = Release|Any CPU
		{F41D62F5-DA7A-4076-9A5D-EF3672EC828A}.Debug|Any CPU.ActiveCfg = Debug|Any CPU
		{F41D62F5-DA7A-4076-9A5D-EF3672EC828A}.Debug|Any CPU.Build.0 = Debug|Any CPU
		{F41D62F5-DA7A-4076-9A5D-EF3672EC828A}.Release|Any CPU.ActiveCfg = Release|Any CPU
		{F41D62F5-DA7A-4076-9A5D-EF3672EC828A}.Release|Any CPU.Build.0 = Release|Any CPU
		{47BDC870-3563-4867-8E60-0C70F442A0CE}.Debug|Any CPU.ActiveCfg = Debug|Any CPU
		{47BDC870-3563-4867-8E60-0C70F442A0CE}.Debug|Any CPU.Build.0 = Debug|Any CPU
		{47BDC870-3563-4867-8E60-0C70F442A0CE}.Release|Any CPU.ActiveCfg = Release|Any CPU
		{47BDC870-3563-4867-8E60-0C70F442A0CE}.Release|Any CPU.Build.0 = Release|Any CPU
		{5578F1C8-5AD6-4846-8ABC-8EC152FDA8A0}.Debug|Any CPU.ActiveCfg = Debug|Any CPU
		{5578F1C8-5AD6-4846-8ABC-8EC152FDA8A0}.Debug|Any CPU.Build.0 = Debug|Any CPU
		{5578F1C8-5AD6-4846-8ABC-8EC152FDA8A0}.Release|Any CPU.ActiveCfg = Release|Any CPU
		{5578F1C8-5AD6-4846-8ABC-8EC152FDA8A0}.Release|Any CPU.Build.0 = Release|Any CPU
		{64202FAA-275E-4502-9E5B-04CA7881C54F}.Debug|Any CPU.ActiveCfg = Debug|Any CPU
		{64202FAA-275E-4502-9E5B-04CA7881C54F}.Debug|Any CPU.Build.0 = Debug|Any CPU
		{64202FAA-275E-4502-9E5B-04CA7881C54F}.Release|Any CPU.ActiveCfg = Release|Any CPU
		{64202FAA-275E-4502-9E5B-04CA7881C54F}.Release|Any CPU.Build.0 = Release|Any CPU
		{E4CFE769-9714-4BA5-AE72-2387DF5B3D77}.Debug|Any CPU.ActiveCfg = Debug|Any CPU
		{E4CFE769-9714-4BA5-AE72-2387DF5B3D77}.Debug|Any CPU.Build.0 = Debug|Any CPU
		{E4CFE769-9714-4BA5-AE72-2387DF5B3D77}.Release|Any CPU.ActiveCfg = Release|Any CPU
		{E4CFE769-9714-4BA5-AE72-2387DF5B3D77}.Release|Any CPU.Build.0 = Release|Any CPU
		{F4FEFFCC-324E-478D-A882-FB7532B55A9E}.Debug|Any CPU.ActiveCfg = Debug|Any CPU
		{F4FEFFCC-324E-478D-A882-FB7532B55A9E}.Debug|Any CPU.Build.0 = Debug|Any CPU
		{F4FEFFCC-324E-478D-A882-FB7532B55A9E}.Release|Any CPU.ActiveCfg = Release|Any CPU
		{F4FEFFCC-324E-478D-A882-FB7532B55A9E}.Release|Any CPU.Build.0 = Release|Any CPU
		{EC670BD5-83CC-44C8-844F-ACC628258209}.Debug|Any CPU.ActiveCfg = Debug|Any CPU
		{EC670BD5-83CC-44C8-844F-ACC628258209}.Debug|Any CPU.Build.0 = Debug|Any CPU
		{EC670BD5-83CC-44C8-844F-ACC628258209}.Release|Any CPU.ActiveCfg = Release|Any CPU
		{EC670BD5-83CC-44C8-844F-ACC628258209}.Release|Any CPU.Build.0 = Release|Any CPU
		{94650464-9EF2-4FB6-BDF0-70041DE9B369}.Debug|Any CPU.ActiveCfg = Debug|Any CPU
		{94650464-9EF2-4FB6-BDF0-70041DE9B369}.Debug|Any CPU.Build.0 = Debug|Any CPU
		{94650464-9EF2-4FB6-BDF0-70041DE9B369}.Release|Any CPU.ActiveCfg = Release|Any CPU
		{94650464-9EF2-4FB6-BDF0-70041DE9B369}.Release|Any CPU.Build.0 = Release|Any CPU
		{4855094D-1D46-4BAB-823B-C950E1EA8823}.Debug|Any CPU.ActiveCfg = Debug|Any CPU
		{4855094D-1D46-4BAB-823B-C950E1EA8823}.Debug|Any CPU.Build.0 = Debug|Any CPU
		{4855094D-1D46-4BAB-823B-C950E1EA8823}.Release|Any CPU.ActiveCfg = Release|Any CPU
		{4855094D-1D46-4BAB-823B-C950E1EA8823}.Release|Any CPU.Build.0 = Release|Any CPU
		{81C7929D-F33D-4B86-9B6C-318AA0E375B7}.Debug|Any CPU.ActiveCfg = Debug|Any CPU
		{81C7929D-F33D-4B86-9B6C-318AA0E375B7}.Debug|Any CPU.Build.0 = Debug|Any CPU
		{81C7929D-F33D-4B86-9B6C-318AA0E375B7}.Release|Any CPU.ActiveCfg = Release|Any CPU
		{81C7929D-F33D-4B86-9B6C-318AA0E375B7}.Release|Any CPU.Build.0 = Release|Any CPU
		{7B3D2ECF-F76B-49FD-975E-CC855B28D163}.Debug|Any CPU.ActiveCfg = Debug|Any CPU
		{7B3D2ECF-F76B-49FD-975E-CC855B28D163}.Debug|Any CPU.Build.0 = Debug|Any CPU
		{7B3D2ECF-F76B-49FD-975E-CC855B28D163}.Release|Any CPU.ActiveCfg = Release|Any CPU
		{7B3D2ECF-F76B-49FD-975E-CC855B28D163}.Release|Any CPU.Build.0 = Release|Any CPU
		{598BBF04-D7EA-4A2F-B3E5-11CEAAF43946}.Debug|Any CPU.ActiveCfg = Debug|Any CPU
		{598BBF04-D7EA-4A2F-B3E5-11CEAAF43946}.Debug|Any CPU.Build.0 = Debug|Any CPU
		{598BBF04-D7EA-4A2F-B3E5-11CEAAF43946}.Release|Any CPU.ActiveCfg = Release|Any CPU
		{598BBF04-D7EA-4A2F-B3E5-11CEAAF43946}.Release|Any CPU.Build.0 = Release|Any CPU
	EndGlobalSection
	GlobalSection(SolutionProperties) = preSolution
		HideSolutionNode = FALSE
	EndGlobalSection
	GlobalSection(ExtensibilityGlobals) = postSolution
		SolutionGuid = {C35D93DE-40A8-4016-94E9-D6BE067E7787}
	EndGlobalSection
EndGlobal
